// !$*UTF8*$!
{
	archiveVersion = 1;
	classes = {
	};
	objectVersion = 50;
	objects = {

/* Begin PBXBuildFile section */
		5E10AFA727B023A600F2FD9E /* att.mm in Sources */ = {isa = PBXBuildFile; fileRef = 5E10AFA627B023A500F2FD9E /* att.mm */; };
		5EF6CD8727B1F40700DB6644 /* att_module.mm in Sources */ = {isa = PBXBuildFile; fileRef = 5EF6CD8527B1F40700DB6644 /* att_module.mm */; };
/* End PBXBuildFile section */

/* Begin PBXCopyFilesBuildPhase section */
		5E99C55927B01F0C0034FC6A /* CopyFiles */ = {
			isa = PBXCopyFilesBuildPhase;
			buildActionMask = 2147483647;
			dstPath = "include/$(PRODUCT_NAME)";
			dstSubfolderSpec = 16;
			files = (
			);
			runOnlyForDeploymentPostprocessing = 0;
		};
/* End PBXCopyFilesBuildPhase section */

/* Begin PBXFileReference section */
		5E10AFA527B023A500F2FD9E /* att.h */ = {isa = PBXFileReference; fileEncoding = 4; lastKnownFileType = sourcecode.c.h; name = att.h; path = att/src/main/att.h; sourceTree = "<group>"; };
		5E10AFA627B023A500F2FD9E /* att.mm */ = {isa = PBXFileReference; fileEncoding = 4; lastKnownFileType = sourcecode.cpp.objcpp; name = att.mm; path = att/src/main/att.mm; sourceTree = "<group>"; };
		5E99C55B27B01F0C0034FC6A /* libatt.a */ = {isa = PBXFileReference; explicitFileType = archive.ar; includeInIndex = 0; path = libatt.a; sourceTree = BUILT_PRODUCTS_DIR; };
		5EF6CD8527B1F40700DB6644 /* att_module.mm */ = {isa = PBXFileReference; fileEncoding = 4; lastKnownFileType = sourcecode.cpp.objcpp; name = att_module.mm; path = att/src/module/att_module.mm; sourceTree = "<group>"; };
		5EF6CD8627B1F40700DB6644 /* att_module.h */ = {isa = PBXFileReference; fileEncoding = 4; lastKnownFileType = sourcecode.c.h; name = att_module.h; path = att/src/module/att_module.h; sourceTree = "<group>"; };
/* End PBXFileReference section */

/* Begin PBXFrameworksBuildPhase section */
		5E99C55827B01F0C0034FC6A /* Frameworks */ = {
			isa = PBXFrameworksBuildPhase;
			buildActionMask = 2147483647;
			files = (
			);
			runOnlyForDeploymentPostprocessing = 0;
		};
/* End PBXFrameworksBuildPhase section */

/* Begin PBXGroup section */
		5E99C55227B01F0C0034FC6A = {
			isa = PBXGroup;
			children = (
				5EF6CD8627B1F40700DB6644 /* att_module.h */,
				5EF6CD8527B1F40700DB6644 /* att_module.mm */,
				5E10AFA527B023A500F2FD9E /* att.h */,
				5E10AFA627B023A500F2FD9E /* att.mm */,
				5E99C55D27B01F0C0034FC6A /* att */,
				5E99C55C27B01F0C0034FC6A /* Products */,
			);
			sourceTree = "<group>";
		};
		5E99C55C27B01F0C0034FC6A /* Products */ = {
			isa = PBXGroup;
			children = (
				5E99C55B27B01F0C0034FC6A /* libatt.a */,
			);
			name = Products;
			sourceTree = "<group>";
		};
		5E99C55D27B01F0C0034FC6A /* att */ = {
			isa = PBXGroup;
			children = (
			);
			path = att;
			sourceTree = "<group>";
		};
/* End PBXGroup section */

/* Begin PBXNativeTarget section */
		5E99C55A27B01F0C0034FC6A /* att */ = {
			isa = PBXNativeTarget;
			buildConfigurationList = 5E99C56427B01F0C0034FC6A /* Build configuration list for PBXNativeTarget "att" */;
			buildPhases = (
				5E99C55727B01F0C0034FC6A /* Sources */,
				5E99C55827B01F0C0034FC6A /* Frameworks */,
				5E99C55927B01F0C0034FC6A /* CopyFiles */,
			);
			buildRules = (
			);
			dependencies = (
			);
			name = att;
			productName = att;
			productReference = 5E99C55B27B01F0C0034FC6A /* libatt.a */;
			productType = "com.apple.product-type.library.static";
		};
/* End PBXNativeTarget section */

/* Begin PBXProject section */
		5E99C55327B01F0C0034FC6A /* Project object */ = {
			isa = PBXProject;
			attributes = {
				LastUpgradeCheck = 1230;
				TargetAttributes = {
					5E99C55A27B01F0C0034FC6A = {
						CreatedOnToolsVersion = 12.3;
					};
				};
			};
			buildConfigurationList = 5E99C55627B01F0C0034FC6A /* Build configuration list for PBXProject "att" */;
			compatibilityVersion = "Xcode 9.3";
			developmentRegion = en;
			hasScannedForEncodings = 0;
			knownRegions = (
				en,
				Base,
			);
			mainGroup = 5E99C55227B01F0C0034FC6A;
			productRefGroup = 5E99C55C27B01F0C0034FC6A /* Products */;
			projectDirPath = "";
			projectRoot = "";
			targets = (
				5E99C55A27B01F0C0034FC6A /* att */,
			);
		};
/* End PBXProject section */

/* Begin PBXSourcesBuildPhase section */
		5E99C55727B01F0C0034FC6A /* Sources */ = {
			isa = PBXSourcesBuildPhase;
			buildActionMask = 2147483647;
			files = (
				5E10AFA727B023A600F2FD9E /* att.mm in Sources */,
				5EF6CD8727B1F40700DB6644 /* att_module.mm in Sources */,
			);
			runOnlyForDeploymentPostprocessing = 0;
		};
/* End PBXSourcesBuildPhase section */

/* Begin XCBuildConfiguration section */
		5E99C56227B01F0C0034FC6A /* Debug */ = {
			isa = XCBuildConfiguration;
			buildSettings = {
				ALWAYS_SEARCH_USER_PATHS = NO;
				CLANG_ANALYZER_NONNULL = YES;
				CLANG_ANALYZER_NUMBER_OBJECT_CONVERSION = YES_AGGRESSIVE;
				CLANG_CXX_LANGUAGE_STANDARD = "gnu++14";
				CLANG_CXX_LIBRARY = "libc++";
				CLANG_ENABLE_MODULES = YES;
				CLANG_ENABLE_OBJC_ARC = YES;
				CLANG_ENABLE_OBJC_WEAK = YES;
				CLANG_WARN_BLOCK_CAPTURE_AUTORELEASING = YES;
				CLANG_WARN_BOOL_CONVERSION = YES;
				CLANG_WARN_COMMA = YES;
				CLANG_WARN_CONSTANT_CONVERSION = YES;
				CLANG_WARN_DEPRECATED_OBJC_IMPLEMENTATIONS = YES;
				CLANG_WARN_DIRECT_OBJC_ISA_USAGE = YES_ERROR;
				CLANG_WARN_DOCUMENTATION_COMMENTS = YES;
				CLANG_WARN_EMPTY_BODY = YES;
				CLANG_WARN_ENUM_CONVERSION = YES;
				CLANG_WARN_INFINITE_RECURSION = YES;
				CLANG_WARN_INT_CONVERSION = YES;
				CLANG_WARN_NON_LITERAL_NULL_CONVERSION = YES;
				CLANG_WARN_OBJC_IMPLICIT_RETAIN_SELF = YES;
				CLANG_WARN_OBJC_LITERAL_CONVERSION = YES;
				CLANG_WARN_OBJC_ROOT_CLASS = YES_ERROR;
				CLANG_WARN_QUOTED_INCLUDE_IN_FRAMEWORK_HEADER = YES;
				CLANG_WARN_RANGE_LOOP_ANALYSIS = YES;
				CLANG_WARN_STRICT_PROTOTYPES = YES;
				CLANG_WARN_SUSPICIOUS_MOVE = YES;
				CLANG_WARN_UNGUARDED_AVAILABILITY = YES_AGGRESSIVE;
				CLANG_WARN_UNREACHABLE_CODE = YES;
				CLANG_WARN__DUPLICATE_METHOD_MATCH = YES;
				COPY_PHASE_STRIP = NO;
				DEBUG_INFORMATION_FORMAT = dwarf;
				ENABLE_STRICT_OBJC_MSGSEND = YES;
				ENABLE_TESTABILITY = YES;
				GCC_C_LANGUAGE_STANDARD = gnu11;
				GCC_DYNAMIC_NO_PIC = NO;
				GCC_NO_COMMON_BLOCKS = YES;
				GCC_OPTIMIZATION_LEVEL = 0;
				GCC_PREPROCESSOR_DEFINITIONS = (
					"DEBUG=1",
					"$(inherited)",
				);
				GCC_WARN_64_TO_32_BIT_CONVERSION = YES;
				GCC_WARN_ABOUT_RETURN_TYPE = YES_ERROR;
				GCC_WARN_UNDECLARED_SELECTOR = YES;
				GCC_WARN_UNINITIALIZED_AUTOS = YES_AGGRESSIVE;
				GCC_WARN_UNUSED_FUNCTION = YES;
				GCC_WARN_UNUSED_VARIABLE = YES;
				IPHONEOS_DEPLOYMENT_TARGET = 14.3;
				MTL_ENABLE_DEBUG_INFO = INCLUDE_SOURCE;
				MTL_FAST_MATH = YES;
				ONLY_ACTIVE_ARCH = YES;
				SDKROOT = iphoneos;
			};
			name = Debug;
		};
		5E99C56327B01F0C0034FC6A /* Release */ = {
			isa = XCBuildConfiguration;
			buildSettings = {
				ALWAYS_SEARCH_USER_PATHS = NO;
				CLANG_ANALYZER_NONNULL = YES;
				CLANG_ANALYZER_NUMBER_OBJECT_CONVERSION = YES_AGGRESSIVE;
				CLANG_CXX_LANGUAGE_STANDARD = "gnu++14";
				CLANG_CXX_LIBRARY = "libc++";
				CLANG_ENABLE_MODULES = YES;
				CLANG_ENABLE_OBJC_ARC = YES;
				CLANG_ENABLE_OBJC_WEAK = YES;
				CLANG_WARN_BLOCK_CAPTURE_AUTORELEASING = YES;
				CLANG_WARN_BOOL_CONVERSION = YES;
				CLANG_WARN_COMMA = YES;
				CLANG_WARN_CONSTANT_CONVERSION = YES;
				CLANG_WARN_DEPRECATED_OBJC_IMPLEMENTATIONS = YES;
				CLANG_WARN_DIRECT_OBJC_ISA_USAGE = YES_ERROR;
				CLANG_WARN_DOCUMENTATION_COMMENTS = YES;
				CLANG_WARN_EMPTY_BODY = YES;
				CLANG_WARN_ENUM_CONVERSION = YES;
				CLANG_WARN_INFINITE_RECURSION = YES;
				CLANG_WARN_INT_CONVERSION = YES;
				CLANG_WARN_NON_LITERAL_NULL_CONVERSION = YES;
				CLANG_WARN_OBJC_IMPLICIT_RETAIN_SELF = YES;
				CLANG_WARN_OBJC_LITERAL_CONVERSION = YES;
				CLANG_WARN_OBJC_ROOT_CLASS = YES_ERROR;
				CLANG_WARN_QUOTED_INCLUDE_IN_FRAMEWORK_HEADER = YES;
				CLANG_WARN_RANGE_LOOP_ANALYSIS = YES;
				CLANG_WARN_STRICT_PROTOTYPES = YES;
				CLANG_WARN_SUSPICIOUS_MOVE = YES;
				CLANG_WARN_UNGUARDED_AVAILABILITY = YES_AGGRESSIVE;
				CLANG_WARN_UNREACHABLE_CODE = YES;
				CLANG_WARN__DUPLICATE_METHOD_MATCH = YES;
				COPY_PHASE_STRIP = NO;
				DEBUG_INFORMATION_FORMAT = "dwarf-with-dsym";
				ENABLE_NS_ASSERTIONS = NO;
				ENABLE_STRICT_OBJC_MSGSEND = YES;
				GCC_C_LANGUAGE_STANDARD = gnu11;
				GCC_NO_COMMON_BLOCKS = YES;
				GCC_WARN_64_TO_32_BIT_CONVERSION = YES;
				GCC_WARN_ABOUT_RETURN_TYPE = YES_ERROR;
				GCC_WARN_UNDECLARED_SELECTOR = YES;
				GCC_WARN_UNINITIALIZED_AUTOS = YES_AGGRESSIVE;
				GCC_WARN_UNUSED_FUNCTION = YES;
				GCC_WARN_UNUSED_VARIABLE = YES;
				IPHONEOS_DEPLOYMENT_TARGET = 14.3;
				MTL_ENABLE_DEBUG_INFO = NO;
				MTL_FAST_MATH = YES;
				SDKROOT = iphoneos;
				VALIDATE_PRODUCT = YES;
			};
			name = Release;
		};
		5E99C56527B01F0C0034FC6A /* Debug */ = {
			isa = XCBuildConfiguration;
			buildSettings = {
				CODE_SIGN_STYLE = Automatic;
				HEADER_SEARCH_PATHS = (
					"$(SRCROOT)/../godot",
					"$(SRCROOT)/../godot/main",
					"$(SRCROOT)/../godot/core",
					"$(SRCROOT)/../godot/core/os",
					"$(SRCROOT)/../godot/servers",
					"$(SRCROOT)/../godot/platform",
					"$(SRCROOT)/../godot/modules",
					"$(SRCROOT)/../godot/scene",
					"$(SRCROOT)/../godot/drivers",
					"$(SRCROOT)/../godot/trirdparty",
					"$(SRCROOT)/../godot/platform/iphone",
				);
				OTHER_CFLAGS = (
					"-fcxx-modules",
					"-g",
					"-DDEBUG",
					"-DDEBUG_ENABLED",
					"-DDEBUG_MEMORY_ALLOC",
					"-DDISABLE_FORCED_INLINE",
					"-DTYPED_METHOD_BIND",
					"-fmodules",
					"-DIPHONE_ENABLED",
					"-DUNIX_ENABLED",
					"-DCOREAUDIO_ENABLED",
				);
				OTHER_LDFLAGS = "-ObjC";
				PRODUCT_NAME = "$(TARGET_NAME)";
				SKIP_INSTALL = YES;
				TARGETED_DEVICE_FAMILY = "1,2";
			};
			name = Debug;
		};
		5E99C56627B01F0C0034FC6A /* Release */ = {
			isa = XCBuildConfiguration;
			buildSettings = {
				CODE_SIGN_STYLE = Automatic;
				HEADER_SEARCH_PATHS = (
					"$(SRCROOT)/../godot",
					"$(SRCROOT)/../godot/main",
					"$(SRCROOT)/../godot/core",
					"$(SRCROOT)/../godot/core/os",
					"$(SRCROOT)/../godot/servers",
					"$(SRCROOT)/../godot/platform",
					"$(SRCROOT)/../godot/modules",
					"$(SRCROOT)/../godot/scene",
					"$(SRCROOT)/../godot/drivers",
					"$(SRCROOT)/../godot/trirdparty",
					"$(SRCROOT)/../godot/platform/iphone",
				);
				OTHER_CFLAGS = (
					"-fcxx-modules",
					"-fmodules",
				);
				OTHER_LDFLAGS = "-ObjC";
				PRODUCT_NAME = "$(TARGET_NAME)";
				SKIP_INSTALL = YES;
				TARGETED_DEVICE_FAMILY = "1,2";
			};
			name = Release;
		};
/* End XCBuildConfiguration section */

/* Begin XCConfigurationList section */
		5E99C55627B01F0C0034FC6A /* Build configuration list for PBXProject "att" */ = {
			isa = XCConfigurationList;
			buildConfigurations = (
				5E99C56227B01F0C0034FC6A /* Debug */,
				5E99C56327B01F0C0034FC6A /* Release */,
			);
			defaultConfigurationIsVisible = 0;
			defaultConfigurationName = Release;
		};
		5E99C56427B01F0C0034FC6A /* Build configuration list for PBXNativeTarget "att" */ = {
			isa = XCConfigurationList;
			buildConfigurations = (
				5E99C56527B01F0C0034FC6A /* Debug */,
				5E99C56627B01F0C0034FC6A /* Release */,
			);
			defaultConfigurationIsVisible = 0;
			defaultConfigurationName = Release;
		};
/* End XCConfigurationList section */
	};
	rootObject = 5E99C55327B01F0C0034FC6A /* Project object */;
}
